// !$*UTF8*$!
{
	archiveVersion = 1;
	classes = {
	};
	objectVersion = 46;
	objects = {

/* Begin PBXBuildFile section */
		A7D2D3DE1E92C36200CCE5F5 /* AppDelegate.swift in Sources */ = {isa = PBXBuildFile; fileRef = A7D2D3DD1E92C36200CCE5F5 /* AppDelegate.swift */; };
		A7D2D3E01E92C36200CCE5F5 /* ViewController.swift in Sources */ = {isa = PBXBuildFile; fileRef = A7D2D3DF1E92C36200CCE5F5 /* ViewController.swift */; };
		A7D2D3E31E92C36200CCE5F5 /* Main.storyboard in Resources */ = {isa = PBXBuildFile; fileRef = A7D2D3E11E92C36200CCE5F5 /* Main.storyboard */; };
		A7D2D3E51E92C36200CCE5F5 /* Assets.xcassets in Resources */ = {isa = PBXBuildFile; fileRef = A7D2D3E41E92C36200CCE5F5 /* Assets.xcassets */; };
		A7D2D3E81E92C36200CCE5F5 /* LaunchScreen.storyboard in Resources */ = {isa = PBXBuildFile; fileRef = A7D2D3E61E92C36200CCE5F5 /* LaunchScreen.storyboard */; };
		A7D2D3F11E92C38B00CCE5F5 /* Accounts.xcdatamodeld in Sources */ = {isa = PBXBuildFile; fileRef = A7D2D3EF1E92C38B00CCE5F5 /* Accounts.xcdatamodeld */; };
		A7D2D3F31E92C4B400CCE5F5 /* AccountTableViewCell.swift in Sources */ = {isa = PBXBuildFile; fileRef = A7D2D3F21E92C4B400CCE5F5 /* AccountTableViewCell.swift */; };
		A7D2D3F51E92D23E00CCE5F5 /* AddAccountVC.swift in Sources */ = {isa = PBXBuildFile; fileRef = A7D2D3F41E92D23E00CCE5F5 /* AddAccountVC.swift */; };
/* End PBXBuildFile section */

/* Begin PBXFileReference section */
		A7D2D3DA1E92C36200CCE5F5 /* Swift3_NSFetchedResultsController.app */ = {isa = PBXFileReference; explicitFileType = wrapper.application; includeInIndex = 0; path = Swift3_NSFetchedResultsController.app; sourceTree = BUILT_PRODUCTS_DIR; };
		A7D2D3DD1E92C36200CCE5F5 /* AppDelegate.swift */ = {isa = PBXFileReference; lastKnownFileType = sourcecode.swift; path = AppDelegate.swift; sourceTree = "<group>"; };
		A7D2D3DF1E92C36200CCE5F5 /* ViewController.swift */ = {isa = PBXFileReference; lastKnownFileType = sourcecode.swift; path = ViewController.swift; sourceTree = "<group>"; };
		A7D2D3E21E92C36200CCE5F5 /* Base */ = {isa = PBXFileReference; lastKnownFileType = file.storyboard; name = Base; path = Base.lproj/Main.storyboard; sourceTree = "<group>"; };
		A7D2D3E41E92C36200CCE5F5 /* Assets.xcassets */ = {isa = PBXFileReference; lastKnownFileType = folder.assetcatalog; path = Assets.xcassets; sourceTree = "<group>"; };
		A7D2D3E71E92C36200CCE5F5 /* Base */ = {isa = PBXFileReference; lastKnownFileType = file.storyboard; name = Base; path = Base.lproj/LaunchScreen.storyboard; sourceTree = "<group>"; };
		A7D2D3E91E92C36200CCE5F5 /* Info.plist */ = {isa = PBXFileReference; lastKnownFileType = text.plist.xml; path = Info.plist; sourceTree = "<group>"; };
		A7D2D3F01E92C38B00CCE5F5 /* Accounts.xcdatamodel */ = {isa = PBXFileReference; lastKnownFileType = wrapper.xcdatamodel; path = Accounts.xcdatamodel; sourceTree = "<group>"; };
		A7D2D3F21E92C4B400CCE5F5 /* AccountTableViewCell.swift */ = {isa = PBXFileReference; fileEncoding = 4; lastKnownFileType = sourcecode.swift; path = AccountTableViewCell.swift; sourceTree = "<group>"; };
		A7D2D3F41E92D23E00CCE5F5 /* AddAccountVC.swift */ = {isa = PBXFileReference; fileEncoding = 4; lastKnownFileType = sourcecode.swift; path = AddAccountVC.swift; sourceTree = "<group>"; };
/* End PBXFileReference section */

/* Begin PBXFrameworksBuildPhase section */
		A7D2D3D71E92C36200CCE5F5 /* Frameworks */ = {
			isa = PBXFrameworksBuildPhase;
			buildActionMask = 2147483647;
			files = (
			);
			runOnlyForDeploymentPostprocessing = 0;
		};
/* End PBXFrameworksBuildPhase section */

/* Begin PBXGroup section */
		A7D2D3D11E92C36200CCE5F5 = {
			isa = PBXGroup;
			children = (
				A7D2D3DC1E92C36200CCE5F5 /* Swift3_NSFetchedResultsController */,
				A7D2D3DB1E92C36200CCE5F5 /* Products */,
			);
			sourceTree = "<group>";
		};
		A7D2D3DB1E92C36200CCE5F5 /* Products */ = {
			isa = PBXGroup;
			children = (
				A7D2D3DA1E92C36200CCE5F5 /* Swift3_NSFetchedResultsController.app */,
			);
			name = Products;
			sourceTree = "<group>";
		};
		A7D2D3DC1E92C36200CCE5F5 /* Swift3_NSFetchedResultsController */ = {
			isa = PBXGroup;
			children = (
				A7D2D3DD1E92C36200CCE5F5 /* AppDelegate.swift */,
				A7D2D3DF1E92C36200CCE5F5 /* ViewController.swift */,
				A7D2D3F41E92D23E00CCE5F5 /* AddAccountVC.swift */,
				A7D2D3F21E92C4B400CCE5F5 /* AccountTableViewCell.swift */,
				A7D2D3E11E92C36200CCE5F5 /* Main.storyboard */,
				A7D2D3E41E92C36200CCE5F5 /* Assets.xcassets */,
				A7D2D3E61E92C36200CCE5F5 /* LaunchScreen.storyboard */,
				A7D2D3E91E92C36200CCE5F5 /* Info.plist */,
				A7D2D3EF1E92C38B00CCE5F5 /* Accounts.xcdatamodeld */,
			);
			path = Swift3_NSFetchedResultsController;
			sourceTree = "<group>";
		};
/* End PBXGroup section */

/* Begin PBXNativeTarget section */
		A7D2D3D91E92C36200CCE5F5 /* Swift3_NSFetchedResultsController */ = {
			isa = PBXNativeTarget;
			buildConfigurationList = A7D2D3EC1E92C36200CCE5F5 /* Build configuration list for PBXNativeTarget "Swift3_NSFetchedResultsController" */;
			buildPhases = (
				A7D2D3D61E92C36200CCE5F5 /* Sources */,
				A7D2D3D71E92C36200CCE5F5 /* Frameworks */,
				A7D2D3D81E92C36200CCE5F5 /* Resources */,
			);
			buildRules = (
			);
			dependencies = (
			);
			name = Swift3_NSFetchedResultsController;
			productName = Swift3_NSFetchedResultsController;
			productReference = A7D2D3DA1E92C36200CCE5F5 /* Swift3_NSFetchedResultsController.app */;
			productType = "com.apple.product-type.application";
		};
/* End PBXNativeTarget section */

/* Begin PBXProject section */
		A7D2D3D21E92C36200CCE5F5 /* Project object */ = {
			isa = PBXProject;
			attributes = {
				LastSwiftUpdateCheck = 0820;
				LastUpgradeCheck = 0820;
				ORGANIZATIONNAME = KefBytes;
				TargetAttributes = {
					A7D2D3D91E92C36200CCE5F5 = {
						CreatedOnToolsVersion = 8.2.1;
						DevelopmentTeam = 46K95RX8SY;
						ProvisioningStyle = Automatic;
					};
				};
			};
			buildConfigurationList = A7D2D3D51E92C36200CCE5F5 /* Build configuration list for PBXProject "Swift3_NSFetchedResultsController" */;
			compatibilityVersion = "Xcode 3.2";
			developmentRegion = English;
			hasScannedForEncodings = 0;
			knownRegions = (
				en,
				Base,
			);
			mainGroup = A7D2D3D11E92C36200CCE5F5;
			productRefGroup = A7D2D3DB1E92C36200CCE5F5 /* Products */;
			projectDirPath = "";
			projectRoot = "";
			targets = (
				A7D2D3D91E92C36200CCE5F5 /* Swift3_NSFetchedResultsController */,
			);
		};
/* End PBXProject section */

/* Begin PBXResourcesBuildPhase section */
		A7D2D3D81E92C36200CCE5F5 /* Resources */ = {
			isa = PBXResourcesBuildPhase;
			buildActionMask = 2147483647;
			files = (
				A7D2D3E81E92C36200CCE5F5 /* LaunchScreen.storyboard in Resources */,
				A7D2D3E51E92C36200CCE5F5 /* Assets.xcassets in Resources */,
				A7D2D3E31E92C36200CCE5F5 /* Main.storyboard in Resources */,
			);
			runOnlyForDeploymentPostprocessing = 0;
		};
/* End PBXResourcesBuildPhase section */

/* Begin PBXSourcesBuildPhase section */
		A7D2D3D61E92C36200CCE5F5 /* Sources */ = {
			isa = PBXSourcesBuildPhase;
			buildActionMask = 2147483647;
			files = (
				A7D2D3F11E92C38B00CCE5F5 /* Accounts.xcdatamodeld in Sources */,
				A7D2D3F31E92C4B400CCE5F5 /* AccountTableViewCell.swift in Sources */,
				A7D2D3E01E92C36200CCE5F5 /* ViewController.swift in Sources */,
				A7D2D3DE1E92C36200CCE5F5 /* AppDelegate.swift in Sources */,
				A7D2D3F51E92D23E00CCE5F5 /* AddAccountVC.swift in Sources */,
			);
			runOnlyForDeploymentPostprocessing = 0;
		};
/* End PBXSourcesBuildPhase section */

/* Begin PBXVariantGroup section */
		A7D2D3E11E92C36200CCE5F5 /* Main.storyboard */ = {
			isa = PBXVariantGroup;
			children = (
				A7D2D3E21E92C36200CCE5F5 /* Base */,
			);
			name = Main.storyboard;
			sourceTree = "<group>";
		};
		A7D2D3E61E92C36200CCE5F5 /* LaunchScreen.storyboard */ = {
			isa = PBXVariantGroup;
			children = (
				A7D2D3E71E92C36200CCE5F5 /* Base */,
			);
			name = LaunchScreen.storyboard;
			sourceTree = "<group>";
		};
/* End PBXVariantGroup section */

/* Begin XCBuildConfiguration section */
		A7D2D3EA1E92C36200CCE5F5 /* Debug */ = {
			isa = XCBuildConfiguration;
			buildSettings = {
				ALWAYS_SEARCH_USER_PATHS = NO;
				CLANG_ANALYZER_NONNULL = YES;
				CLANG_CXX_LANGUAGE_STANDARD = "gnu++0x";
				CLANG_CXX_LIBRARY = "libc++";
				CLANG_ENABLE_MODULES = YES;
				CLANG_ENABLE_OBJC_ARC = YES;
				CLANG_WARN_BOOL_CONVERSION = YES;
				CLANG_WARN_CONSTANT_CONVERSION = YES;
				CLANG_WARN_DIRECT_OBJC_ISA_USAGE = YES_ERROR;
				CLANG_WARN_DOCUMENTATION_COMMENTS = YES;
				CLANG_WARN_EMPTY_BODY = YES;
				CLANG_WARN_ENUM_CONVERSION = YES;
				CLANG_WARN_INFINITE_RECURSION = YES;
				CLANG_WARN_INT_CONVERSION = YES;
				CLANG_WARN_OBJC_ROOT_CLASS = YES_ERROR;
				CLANG_WARN_SUSPICIOUS_MOVE = YES;
				CLANG_WARN_UNREACHABLE_CODE = YES;
				CLANG_WARN__DUPLICATE_METHOD_MATCH = YES;
				"CODE_SIGN_IDENTITY[sdk=iphoneos*]" = "iPhone Developer";
				COPY_PHASE_STRIP = NO;
				DEBUG_INFORMATION_FORMAT = dwarf;
				ENABLE_STRICT_OBJC_MSGSEND = YES;
				ENABLE_TESTABILITY = YES;
				GCC_C_LANGUAGE_STANDARD = gnu99;
				GCC_DYNAMIC_NO_PIC = NO;
				GCC_NO_COMMON_BLOCKS = YES;
				GCC_OPTIMIZATION_LEVEL = 0;
				GCC_PREPROCESSOR_DEFINITIONS = (
					"DEBUG=1",
					"$(inherited)",
				);
				GCC_WARN_64_TO_32_BIT_CONVERSION = YES;
				GCC_WARN_ABOUT_RETURN_TYPE = YES_ERROR;
				GCC_WARN_UNDECLARED_SELECTOR = YES;
				GCC_WARN_UNINITIALIZED_AUTOS = YES_AGGRESSIVE;
				GCC_WARN_UNUSED_FUNCTION = YES;
				GCC_WARN_UNUSED_VARIABLE = YES;
				IPHONEOS_DEPLOYMENT_TARGET = 10.2;
				MTL_ENABLE_DEBUG_INFO = YES;
				ONLY_ACTIVE_ARCH = YES;
				SDKROOT = iphoneos;
				SWIFT_ACTIVE_COMPILATION_CONDITIONS = DEBUG;
				SWIFT_OPTIMIZATION_LEVEL = "-Onone";
				TARGETED_DEVICE_FAMILY = "1,2";
			};
			name = Debug;
		};
		A7D2D3EB1E92C36200CCE5F5 /* Release */ = {
			isa = XCBuildConfiguration;
			buildSettings = {
				ALWAYS_SEARCH_USER_PATHS = NO;
				CLANG_ANALYZER_NONNULL = YES;
				CLANG_CXX_LANGUAGE_STANDARD = "gnu++0x";
				CLANG_CXX_LIBRARY = "libc++";
				CLANG_ENABLE_MODULES = YES;
				CLANG_ENABLE_OBJC_ARC = YES;
				CLANG_WARN_BOOL_CONVERSION = YES;
				CLANG_WARN_CONSTANT_CONVERSION = YES;
				CLANG_WARN_DIRECT_OBJC_ISA_USAGE = YES_ERROR;
				CLANG_WARN_DOCUMENTATION_COMMENTS = YES;
				CLANG_WARN_EMPTY_BODY = YES;
				CLANG_WARN_ENUM_CONVERSION = YES;
				CLANG_WARN_INFINITE_RECURSION = YES;
				CLANG_WARN_INT_CONVERSION = YES;
				CLANG_WARN_OBJC_ROOT_CLASS = YES_ERROR;
				CLANG_WARN_SUSPICIOUS_MOVE = YES;
				CLANG_WARN_UNREACHABLE_CODE = YES;
				CLANG_WARN__DUPLICATE_METHOD_MATCH = YES;
				"CODE_SIGN_IDENTITY[sdk=iphoneos*]" = "iPhone Developer";
				COPY_PHASE_STRIP = NO;
				DEBUG_INFORMATION_FORMAT = "dwarf-with-dsym";
				ENABLE_NS_ASSERTIONS = NO;
				ENABLE_STRICT_OBJC_MSGSEND = YES;
				GCC_C_LANGUAGE_STANDARD = gnu99;
				GCC_NO_COMMON_BLOCKS = YES;
				GCC_WARN_64_TO_32_BIT_CONVERSION = YES;
				GCC_WARN_ABOUT_RETURN_TYPE = YES_ERROR;
				GCC_WARN_UNDECLARED_SELECTOR = YES;
				GCC_WARN_UNINITIALIZED_AUTOS = YES_AGGRESSIVE;
				GCC_WARN_UNUSED_FUNCTION = YES;
				GCC_WARN_UNUSED_VARIABLE = YES;
				IPHONEOS_DEPLOYMENT_TARGET = 10.2;
				MTL_ENABLE_DEBUG_INFO = NO;
				SDKROOT = iphoneos;
				SWIFT_OPTIMIZATION_LEVEL = "-Owholemodule";
				TARGETED_DEVICE_FAMILY = "1,2";
				VALIDATE_PRODUCT = YES;
			};
			name = Release;
		};
		A7D2D3ED1E92C36200CCE5F5 /* Debug */ = {
			isa = XCBuildConfiguration;
			buildSettings = {
				ASSETCATALOG_COMPILER_APPICON_NAME = AppIcon;
				DEVELOPMENT_TEAM = 46K95RX8SY;
				INFOPLIST_FILE = Swift3_NSFetchedResultsController/Info.plist;
				LD_RUNPATH_SEARCH_PATHS = "$(inherited) @executable_path/Frameworks";
				PRODUCT_BUNDLE_IDENTIFIER = "com.kefbytes.Swift3-NSFetchedResultsController";
				PRODUCT_NAME = "$(TARGET_NAME)";
				SWIFT_VERSION = 3.0;
			};
			name = Debug;
		};
		A7D2D3EE1E92C36200CCE5F5 /* Release */ = {
			isa = XCBuildConfiguration;
			buildSettings = {
				ASSETCATALOG_COMPILER_APPICON_NAME = AppIcon;
				DEVELOPMENT_TEAM = 46K95RX8SY;
				INFOPLIST_FILE = Swift3_NSFetchedResultsController/Info.plist;
				LD_RUNPATH_SEARCH_PATHS = "$(inherited) @executable_path/Frameworks";
				PRODUCT_BUNDLE_IDENTIFIER = "com.kefbytes.Swift3-NSFetchedResultsController";
				PRODUCT_NAME = "$(TARGET_NAME)";
				SWIFT_VERSION = 3.0;
			};
			name = Release;
		};
/* End XCBuildConfiguration section */

/* Begin XCConfigurationList section */
		A7D2D3D51E92C36200CCE5F5 /* Build configuration list for PBXProject "Swift3_NSFetchedResultsController" */ = {
			isa = XCConfigurationList;
			buildConfigurations = (
				A7D2D3EA1E92C36200CCE5F5 /* Debug */,
				A7D2D3EB1E92C36200CCE5F5 /* Release */,
			);
			defaultConfigurationIsVisible = 0;
			defaultConfigurationName = Release;
		};
		A7D2D3EC1E92C36200CCE5F5 /* Build configuration list for PBXNativeTarget "Swift3_NSFetchedResultsController" */ = {
			isa = XCConfigurationList;
			buildConfigurations = (
				A7D2D3ED1E92C36200CCE5F5 /* Debug */,
				A7D2D3EE1E92C36200CCE5F5 /* Release */,
			);
			defaultConfigurationIsVisible = 0;
		};
/* End XCConfigurationList section */

/* Begin XCVersionGroup section */
		A7D2D3EF1E92C38B00CCE5F5 /* Accounts.xcdatamodeld */ = {
			isa = XCVersionGroup;
			children = (
				A7D2D3F01E92C38B00CCE5F5 /* Accounts.xcdatamodel */,
			);
			currentVersion = A7D2D3F01E92C38B00CCE5F5 /* Accounts.xcdatamodel */;
			path = Accounts.xcdatamodeld;
			sourceTree = "<group>";
			versionGroupType = wrapper.xcdatamodel;
		};
/* End XCVersionGroup section */
	};
	rootObject = A7D2D3D21E92C36200CCE5F5 /* Project object */;
}
